
Microsoft Visual Studio Solution File, Format Version 12.00
# Visual Studio Version 17
VisualStudioVersion = 17.4.33122.133
MinimumVisualStudioVersion = 10.0.40219.1
Project("{FAE04EC0-301F-11D3-BF4B-00C04F79EFBC}") = "New_4_3(massive)", "New_4_3(massive)\New_4_3(massive).csproj", "{521EF84E-C991-4722-A79B-B97536C9DE2B}"
EndProject
Global
	GlobalSection(SolutionConfigurationPlatforms) = preSolution
		Debug|Any CPU = Debug|Any CPU
		Release|Any CPU = Release|Any CPU
	EndGlobalSection
	GlobalSection(ProjectConfigurationPlatforms) = postSolution
		{521EF84E-C991-4722-A79B-B97536C9DE2B}.Debug|Any CPU.ActiveCfg = Debug|Any CPU
		{521EF84E-C991-4722-A79B-B97536C9DE2B}.Debug|Any CPU.Build.0 = Debug|Any CPU
		{521EF84E-C991-4722-A79B-B97536C9DE2B}.Release|Any CPU.ActiveCfg = Release|Any CPU
		{521EF84E-C991-4722-A79B-B97536C9DE2B}.Release|Any CPU.Build.0 = Release|Any CPU
	EndGlobalSection
	GlobalSection(SolutionProperties) = preSolution
		HideSolutionNode = FALSE
	EndGlobalSection
	GlobalSection(ExtensibilityGlobals) = postSolution
		SolutionGuid = {6F28CBD0-F644-470A-B46F-A1B65082F9BA}
	EndGlobalSection
EndGlobal
